
Microsoft Visual Studio Solution File, Format Version 12.00
# Visual Studio Version 16
VisualStudioVersion = 16.0.31729.503
MinimumVisualStudioVersion = 10.0.40219.1
Project("{8BC9CEB8-8B4A-11D0-8D11-00A0C91BC942}") = "1. OOP.Course", "OOP.Course\OOP.Course.vcxproj", "{EFEA69B7-21E0-43A6-8641-9A067AA52886}"
EndProject
Project("{8BC9CEB8-8B4A-11D0-8D11-00A0C91BC942}") = "2. Virtual FunctionsPureVirtualFunctionsAbstractClasses", "2. Virtual FunctionsPureVirtualFunctionsAbstractClasses\2. Virtual FunctionsPureVirtualFunctionsAbstractClasses.vcxproj", "{724961FF-936D-427A-B42E-C14787720204}"
EndProject
Project("{8BC9CEB8-8B4A-11D0-8D11-00A0C91BC942}") = "3. AbstractionsExplained", "3. AbstractionsExplained\3. AbstractionsExplained.vcxproj", "{39FDA83F-8373-463C-AD7E-5D1EFC435FEC}"
EndProject
Project("{8BC9CEB8-8B4A-11D0-8D11-00A0C91BC942}") = "4. OperatorOverloading", "4. OperatorOverloading\4. OperatorOverloading.vcxproj", "{79256CE7-5224-4991-B1CE-D046BDFBAAEB}"
EndProject
Global
	GlobalSection(SolutionConfigurationPlatforms) = preSolution
		Debug|x64 = Debug|x64
		Debug|x86 = Debug|x86
		Release|x64 = Release|x64
		Release|x86 = Release|x86
	EndGlobalSection
	GlobalSection(ProjectConfigurationPlatforms) = postSolution
		{EFEA69B7-21E0-43A6-8641-9A067AA52886}.Debug|x64.ActiveCfg = Debug|x64
		{EFEA69B7-21E0-43A6-8641-9A067AA52886}.Debug|x64.Build.0 = Debug|x64
		{EFEA69B7-21E0-43A6-8641-9A067AA52886}.Debug|x86.ActiveCfg = Debug|Win32
		{EFEA69B7-21E0-43A6-8641-9A067AA52886}.Debug|x86.Build.0 = Debug|Win32
		{EFEA69B7-21E0-43A6-8641-9A067AA52886}.Release|x64.ActiveCfg = Release|x64
		{EFEA69B7-21E0-43A6-8641-9A067AA52886}.Release|x64.Build.0 = Release|x64
		{EFEA69B7-21E0-43A6-8641-9A067AA52886}.Release|x86.ActiveCfg = Release|Win32
		{EFEA69B7-21E0-43A6-8641-9A067AA52886}.Release|x86.Build.0 = Release|Win32
		{724961FF-936D-427A-B42E-C14787720204}.Debug|x64.ActiveCfg = Debug|x64
		{724961FF-936D-427A-B42E-C14787720204}.Debug|x64.Build.0 = Debug|x64
		{724961FF-936D-427A-B42E-C14787720204}.Debug|x86.ActiveCfg = Debug|Win32
		{724961FF-936D-427A-B42E-C14787720204}.Debug|x86.Build.0 = Debug|Win32
		{724961FF-936D-427A-B42E-C14787720204}.Release|x64.ActiveCfg = Release|x64
		{724961FF-936D-427A-B42E-C14787720204}.Release|x64.Build.0 = Release|x64
		{724961FF-936D-427A-B42E-C14787720204}.Release|x86.ActiveCfg = Release|Win32
		{724961FF-936D-427A-B42E-C14787720204}.Release|x86.Build.0 = Release|Win32
		{39FDA83F-8373-463C-AD7E-5D1EFC435FEC}.Debug|x64.ActiveCfg = Debug|x64
		{39FDA83F-8373-463C-AD7E-5D1EFC435FEC}.Debug|x64.Build.0 = Debug|x64
		{39FDA83F-8373-463C-AD7E-5D1EFC435FEC}.Debug|x86.ActiveCfg = Debug|Win32
		{39FDA83F-8373-463C-AD7E-5D1EFC435FEC}.Debug|x86.Build.0 = Debug|Win32
		{39FDA83F-8373-463C-AD7E-5D1EFC435FEC}.Release|x64.ActiveCfg = Release|x64
		{39FDA83F-8373-463C-AD7E-5D1EFC435FEC}.Release|x64.Build.0 = Release|x64
		{39FDA83F-8373-463C-AD7E-5D1EFC435FEC}.Release|x86.ActiveCfg = Release|Win32
		{39FDA83F-8373-463C-AD7E-5D1EFC435FEC}.Release|x86.Build.0 = Release|Win32
		{79256CE7-5224-4991-B1CE-D046BDFBAAEB}.Debug|x64.ActiveCfg = Debug|x64
		{79256CE7-5224-4991-B1CE-D046BDFBAAEB}.Debug|x64.Build.0 = Debug|x64
		{79256CE7-5224-4991-B1CE-D046BDFBAAEB}.Debug|x86.ActiveCfg = Debug|Win32
		{79256CE7-5224-4991-B1CE-D046BDFBAAEB}.Debug|x86.Build.0 = Debug|Win32
		{79256CE7-5224-4991-B1CE-D046BDFBAAEB}.Release|x64.ActiveCfg = Release|x64
		{79256CE7-5224-4991-B1CE-D046BDFBAAEB}.Release|x64.Build.0 = Release|x64
		{79256CE7-5224-4991-B1CE-D046BDFBAAEB}.Release|x86.ActiveCfg = Release|Win32
		{79256CE7-5224-4991-B1CE-D046BDFBAAEB}.Release|x86.Build.0 = Release|Win32
	EndGlobalSection
	GlobalSection(SolutionProperties) = preSolution
		HideSolutionNode = FALSE
	EndGlobalSection
	GlobalSection(ExtensibilityGlobals) = postSolution
		SolutionGuid = {1DB4867F-1117-4690-8011-9EF25BCB281F}
	EndGlobalSection
EndGlobal
